
Microsoft Visual Studio Solution File, Format Version 12.00
# Visual Studio 15
VisualStudioVersion = 15.0.28307.168
MinimumVisualStudioVersion = 10.0.40219.1
Project("{FAE04EC0-301F-11D3-BF4B-00C04F79EFBC}") = "HelloWorld", "HelloWorld.csproj", "{B9DDEC62-B028-4A1F-831B-B58D4FAA89FA}"
EndProject
Global
	GlobalSection(SolutionConfigurationPlatforms) = preSolution
		Debug|Any CPU = Debug|Any CPU
		Release|Any CPU = Release|Any CPU
	EndGlobalSection
	GlobalSection(ProjectConfigurationPlatforms) = postSolution
		{B9DDEC62-B028-4A1F-831B-B58D4FAA89FA}.Debug|Any CPU.ActiveCfg = Debug|Any CPU
		{B9DDEC62-B028-4A1F-831B-B58D4FAA89FA}.Debug|Any CPU.Build.0 = Debug|Any CPU
		{B9DDEC62-B028-4A1F-831B-B58D4FAA89FA}.Release|Any CPU.ActiveCfg = Release|Any CPU
		{B9DDEC62-B028-4A1F-831B-B58D4FAA89FA}.Release|Any CPU.Build.0 = Release|Any CPU
	EndGlobalSection
	GlobalSection(SolutionProperties) = preSolution
		HideSolutionNode = FALSE
	EndGlobalSection
	GlobalSection(ExtensibilityGlobals) = postSolution
		SolutionGuid = {2A3E680E-F4E2-4FBD-9BE6-93453F971B71}
	EndGlobalSection
EndGlobal
